// !$*UTF8*$!
{
	archiveVersion = 1;
	classes = {
	};
	objectVersion = 55;
	objects = {

/* Begin PBXBuildFile section */
		E2D53F67285E1B3400F0A782 /* CoinRowView.swift in Sources */ = {isa = PBXBuildFile; fileRef = E2D53F66285E1B3400F0A782 /* CoinRowView.swift */; };
		E2D53F69285E1B9200F0A782 /* PreviewProvider.swift in Sources */ = {isa = PBXBuildFile; fileRef = E2D53F68285E1B9200F0A782 /* PreviewProvider.swift */; };
		E2D53F6B285E20BF00F0A782 /* Double.swift in Sources */ = {isa = PBXBuildFile; fileRef = E2D53F6A285E20BF00F0A782 /* Double.swift */; };
		E2D53F6D285E273B00F0A782 /* HomeViewModel.swift in Sources */ = {isa = PBXBuildFile; fileRef = E2D53F6C285E273B00F0A782 /* HomeViewModel.swift */; };
		E2D53F70285E2BD500F0A782 /* NetworkLayer.swift in Sources */ = {isa = PBXBuildFile; fileRef = E2D53F6F285E2BD500F0A782 /* NetworkLayer.swift */; };
		E2EAA240285E015700BBECC4 /* CheetahApp.swift in Sources */ = {isa = PBXBuildFile; fileRef = E2EAA23F285E015700BBECC4 /* CheetahApp.swift */; };
		E2EAA242285E015700BBECC4 /* ContentView.swift in Sources */ = {isa = PBXBuildFile; fileRef = E2EAA241285E015700BBECC4 /* ContentView.swift */; };
		E2EAA247285E015900BBECC4 /* Preview Assets.xcassets in Resources */ = {isa = PBXBuildFile; fileRef = E2EAA246285E015900BBECC4 /* Preview Assets.xcassets */; };
		E2EAA24E285E02F900BBECC4 /* Assets.xcassets in Resources */ = {isa = PBXBuildFile; fileRef = E2EAA24D285E02F900BBECC4 /* Assets.xcassets */; };
		E2EAA251285E04C100BBECC4 /* Color.swift in Sources */ = {isa = PBXBuildFile; fileRef = E2EAA250285E04C100BBECC4 /* Color.swift */; };
		E2EAA256285E06D100BBECC4 /* HomeView.swift in Sources */ = {isa = PBXBuildFile; fileRef = E2EAA255285E06D100BBECC4 /* HomeView.swift */; };
		E2EAA25A285E07A600BBECC4 /* CircleButtonView.swift in Sources */ = {isa = PBXBuildFile; fileRef = E2EAA259285E07A600BBECC4 /* CircleButtonView.swift */; };
		E2EAA25C285E0A0F00BBECC4 /* CircleButtonAnimationView.swift in Sources */ = {isa = PBXBuildFile; fileRef = E2EAA25B285E0A0F00BBECC4 /* CircleButtonAnimationView.swift */; };
		E2EAA25F285E0C9400BBECC4 /* CoinModel.swift in Sources */ = {isa = PBXBuildFile; fileRef = E2EAA25E285E0C9400BBECC4 /* CoinModel.swift */; };
		E2FE58B3285F232800C8D3CB /* NetworkManager.swift in Sources */ = {isa = PBXBuildFile; fileRef = E2FE58B2285F232800C8D3CB /* NetworkManager.swift */; };
/* End PBXBuildFile section */

/* Begin PBXFileReference section */
		E2D53F66285E1B3400F0A782 /* CoinRowView.swift */ = {isa = PBXFileReference; lastKnownFileType = sourcecode.swift; path = CoinRowView.swift; sourceTree = "<group>"; };
		E2D53F68285E1B9200F0A782 /* PreviewProvider.swift */ = {isa = PBXFileReference; lastKnownFileType = sourcecode.swift; path = PreviewProvider.swift; sourceTree = "<group>"; };
		E2D53F6A285E20BF00F0A782 /* Double.swift */ = {isa = PBXFileReference; lastKnownFileType = sourcecode.swift; path = Double.swift; sourceTree = "<group>"; };
		E2D53F6C285E273B00F0A782 /* HomeViewModel.swift */ = {isa = PBXFileReference; lastKnownFileType = sourcecode.swift; path = HomeViewModel.swift; sourceTree = "<group>"; };
		E2D53F6F285E2BD500F0A782 /* NetworkLayer.swift */ = {isa = PBXFileReference; lastKnownFileType = sourcecode.swift; path = NetworkLayer.swift; sourceTree = "<group>"; };
		E2EAA23C285E015700BBECC4 /* Cheetah.app */ = {isa = PBXFileReference; explicitFileType = wrapper.application; includeInIndex = 0; path = Cheetah.app; sourceTree = BUILT_PRODUCTS_DIR; };
		E2EAA23F285E015700BBECC4 /* CheetahApp.swift */ = {isa = PBXFileReference; lastKnownFileType = sourcecode.swift; path = CheetahApp.swift; sourceTree = "<group>"; };
		E2EAA241285E015700BBECC4 /* ContentView.swift */ = {isa = PBXFileReference; lastKnownFileType = sourcecode.swift; path = ContentView.swift; sourceTree = "<group>"; };
		E2EAA246285E015900BBECC4 /* Preview Assets.xcassets */ = {isa = PBXFileReference; lastKnownFileType = folder.assetcatalog; path = "Preview Assets.xcassets"; sourceTree = "<group>"; };
		E2EAA24D285E02F900BBECC4 /* Assets.xcassets */ = {isa = PBXFileReference; lastKnownFileType = folder.assetcatalog; path = Assets.xcassets; sourceTree = "<group>"; };
		E2EAA250285E04C100BBECC4 /* Color.swift */ = {isa = PBXFileReference; lastKnownFileType = sourcecode.swift; path = Color.swift; sourceTree = "<group>"; };
		E2EAA255285E06D100BBECC4 /* HomeView.swift */ = {isa = PBXFileReference; lastKnownFileType = sourcecode.swift; path = HomeView.swift; sourceTree = "<group>"; };
		E2EAA259285E07A600BBECC4 /* CircleButtonView.swift */ = {isa = PBXFileReference; lastKnownFileType = sourcecode.swift; path = CircleButtonView.swift; sourceTree = "<group>"; };
		E2EAA25B285E0A0F00BBECC4 /* CircleButtonAnimationView.swift */ = {isa = PBXFileReference; lastKnownFileType = sourcecode.swift; path = CircleButtonAnimationView.swift; sourceTree = "<group>"; };
		E2EAA25E285E0C9400BBECC4 /* CoinModel.swift */ = {isa = PBXFileReference; lastKnownFileType = sourcecode.swift; path = CoinModel.swift; sourceTree = "<group>"; };
		E2FE58B2285F232800C8D3CB /* NetworkManager.swift */ = {isa = PBXFileReference; lastKnownFileType = sourcecode.swift; path = NetworkManager.swift; sourceTree = "<group>"; };
/* End PBXFileReference section */

/* Begin PBXFrameworksBuildPhase section */
		E2EAA239285E015700BBECC4 /* Frameworks */ = {
			isa = PBXFrameworksBuildPhase;
			buildActionMask = 2147483647;
			files = (
			);
			runOnlyForDeploymentPostprocessing = 0;
		};
/* End PBXFrameworksBuildPhase section */

/* Begin PBXGroup section */
		E2D53F6E285E2BA700F0A782 /* Services */ = {
			isa = PBXGroup;
			children = (
				E2FE58B2285F232800C8D3CB /* NetworkManager.swift */,
				E2D53F6F285E2BD500F0A782 /* NetworkLayer.swift */,
			);
			path = Services;
			sourceTree = "<group>";
		};
		E2EAA233285E015700BBECC4 = {
			isa = PBXGroup;
			children = (
				E2FE58B1285F22F600C8D3CB /* Utilities */,
				E2D53F6E285E2BA700F0A782 /* Services */,
				E2EAA257285E078000BBECC4 /* Components */,
				E2EAA25D285E0C5D00BBECC4 /* Models */,
				E2EAA254285E06BD00BBECC4 /* ViewModels */,
				E2EAA252285E06A200BBECC4 /* Views */,
				E2EAA24F285E04B900BBECC4 /* Extensions */,
				E2EAA23E285E015700BBECC4 /* Cheetah */,
				E2EAA23D285E015700BBECC4 /* Products */,
			);
			sourceTree = "<group>";
		};
		E2EAA23D285E015700BBECC4 /* Products */ = {
			isa = PBXGroup;
			children = (
				E2EAA23C285E015700BBECC4 /* Cheetah.app */,
			);
			name = Products;
			sourceTree = "<group>";
		};
		E2EAA23E285E015700BBECC4 /* Cheetah */ = {
			isa = PBXGroup;
			children = (
				E2EAA23F285E015700BBECC4 /* CheetahApp.swift */,
				E2EAA241285E015700BBECC4 /* ContentView.swift */,
				E2EAA24D285E02F900BBECC4 /* Assets.xcassets */,
				E2EAA245285E015900BBECC4 /* Preview Content */,
			);
			path = Cheetah;
			sourceTree = "<group>";
		};
		E2EAA245285E015900BBECC4 /* Preview Content */ = {
			isa = PBXGroup;
			children = (
				E2EAA246285E015900BBECC4 /* Preview Assets.xcassets */,
			);
			path = "Preview Content";
			sourceTree = "<group>";
		};
		E2EAA24F285E04B900BBECC4 /* Extensions */ = {
			isa = PBXGroup;
			children = (
				E2EAA250285E04C100BBECC4 /* Color.swift */,
				E2D53F68285E1B9200F0A782 /* PreviewProvider.swift */,
				E2D53F6A285E20BF00F0A782 /* Double.swift */,
			);
			path = Extensions;
			sourceTree = "<group>";
		};
		E2EAA252285E06A200BBECC4 /* Views */ = {
			isa = PBXGroup;
			children = (
				E2EAA253285E06AC00BBECC4 /* Home */,
				E2D53F66285E1B3400F0A782 /* CoinRowView.swift */,
			);
			path = Views;
			sourceTree = "<group>";
		};
		E2EAA253285E06AC00BBECC4 /* Home */ = {
			isa = PBXGroup;
			children = (
				E2EAA255285E06D100BBECC4 /* HomeView.swift */,
			);
			path = Home;
			sourceTree = "<group>";
		};
		E2EAA254285E06BD00BBECC4 /* ViewModels */ = {
			isa = PBXGroup;
			children = (
				E2D53F6C285E273B00F0A782 /* HomeViewModel.swift */,
			);
			path = ViewModels;
			sourceTree = "<group>";
		};
		E2EAA257285E078000BBECC4 /* Components */ = {
			isa = PBXGroup;
			children = (
				E2EAA258285E079900BBECC4 /* CircleButton */,
			);
			path = Components;
			sourceTree = "<group>";
		};
		E2EAA258285E079900BBECC4 /* CircleButton */ = {
			isa = PBXGroup;
			children = (
				E2EAA259285E07A600BBECC4 /* CircleButtonView.swift */,
				E2EAA25B285E0A0F00BBECC4 /* CircleButtonAnimationView.swift */,
			);
			path = CircleButton;
			sourceTree = "<group>";
		};
		E2EAA25D285E0C5D00BBECC4 /* Models */ = {
			isa = PBXGroup;
			children = (
				E2EAA25E285E0C9400BBECC4 /* CoinModel.swift */,
			);
			path = Models;
			sourceTree = "<group>";
		};
		E2FE58B1285F22F600C8D3CB /* Utilities */ = {
			isa = PBXGroup;
			children = (
			);
			path = Utilities;
			sourceTree = "<group>";
		};
/* End PBXGroup section */

/* Begin PBXNativeTarget section */
		E2EAA23B285E015700BBECC4 /* Cheetah */ = {
			isa = PBXNativeTarget;
			buildConfigurationList = E2EAA24A285E015900BBECC4 /* Build configuration list for PBXNativeTarget "Cheetah" */;
			buildPhases = (
				E2EAA238285E015700BBECC4 /* Sources */,
				E2EAA239285E015700BBECC4 /* Frameworks */,
				E2EAA23A285E015700BBECC4 /* Resources */,
			);
			buildRules = (
			);
			dependencies = (
			);
			name = Cheetah;
			productName = Cheetah;
			productReference = E2EAA23C285E015700BBECC4 /* Cheetah.app */;
			productType = "com.apple.product-type.application";
		};
/* End PBXNativeTarget section */

/* Begin PBXProject section */
		E2EAA234285E015700BBECC4 /* Project object */ = {
			isa = PBXProject;
			attributes = {
				BuildIndependentTargetsInParallel = 1;
				LastSwiftUpdateCheck = 1340;
				LastUpgradeCheck = 1340;
				TargetAttributes = {
					E2EAA23B285E015700BBECC4 = {
						CreatedOnToolsVersion = 13.4;
					};
				};
			};
			buildConfigurationList = E2EAA237285E015700BBECC4 /* Build configuration list for PBXProject "Cheetah" */;
			compatibilityVersion = "Xcode 13.0";
			developmentRegion = en;
			hasScannedForEncodings = 0;
			knownRegions = (
				en,
				Base,
			);
			mainGroup = E2EAA233285E015700BBECC4;
			productRefGroup = E2EAA23D285E015700BBECC4 /* Products */;
			projectDirPath = "";
			projectRoot = "";
			targets = (
				E2EAA23B285E015700BBECC4 /* Cheetah */,
			);
		};
/* End PBXProject section */

/* Begin PBXResourcesBuildPhase section */
		E2EAA23A285E015700BBECC4 /* Resources */ = {
			isa = PBXResourcesBuildPhase;
			buildActionMask = 2147483647;
			files = (
				E2EAA24E285E02F900BBECC4 /* Assets.xcassets in Resources */,
				E2EAA247285E015900BBECC4 /* Preview Assets.xcassets in Resources */,
			);
			runOnlyForDeploymentPostprocessing = 0;
		};
/* End PBXResourcesBuildPhase section */

/* Begin PBXSourcesBuildPhase section */
		E2EAA238285E015700BBECC4 /* Sources */ = {
			isa = PBXSourcesBuildPhase;
			buildActionMask = 2147483647;
			files = (
				E2D53F70285E2BD500F0A782 /* NetworkLayer.swift in Sources */,
				E2D53F67285E1B3400F0A782 /* CoinRowView.swift in Sources */,
				E2D53F6D285E273B00F0A782 /* HomeViewModel.swift in Sources */,
				E2FE58B3285F232800C8D3CB /* NetworkManager.swift in Sources */,
				E2EAA242285E015700BBECC4 /* ContentView.swift in Sources */,
				E2EAA256285E06D100BBECC4 /* HomeView.swift in Sources */,
				E2EAA240285E015700BBECC4 /* CheetahApp.swift in Sources */,
				E2EAA25A285E07A600BBECC4 /* CircleButtonView.swift in Sources */,
				E2EAA251285E04C100BBECC4 /* Color.swift in Sources */,
				E2EAA25C285E0A0F00BBECC4 /* CircleButtonAnimationView.swift in Sources */,
				E2D53F69285E1B9200F0A782 /* PreviewProvider.swift in Sources */,
				E2D53F6B285E20BF00F0A782 /* Double.swift in Sources */,
				E2EAA25F285E0C9400BBECC4 /* CoinModel.swift in Sources */,
			);
			runOnlyForDeploymentPostprocessing = 0;
		};
/* End PBXSourcesBuildPhase section */

/* Begin XCBuildConfiguration section */
		E2EAA248285E015900BBECC4 /* Debug */ = {
			isa = XCBuildConfiguration;
			buildSettings = {
				ALWAYS_SEARCH_USER_PATHS = NO;
				CLANG_ANALYZER_NONNULL = YES;
				CLANG_ANALYZER_NUMBER_OBJECT_CONVERSION = YES_AGGRESSIVE;
				CLANG_CXX_LANGUAGE_STANDARD = "gnu++17";
				CLANG_ENABLE_MODULES = YES;
				CLANG_ENABLE_OBJC_ARC = YES;
				CLANG_ENABLE_OBJC_WEAK = YES;
				CLANG_WARN_BLOCK_CAPTURE_AUTORELEASING = YES;
				CLANG_WARN_BOOL_CONVERSION = YES;
				CLANG_WARN_COMMA = YES;
				CLANG_WARN_CONSTANT_CONVERSION = YES;
				CLANG_WARN_DEPRECATED_OBJC_IMPLEMENTATIONS = YES;
				CLANG_WARN_DIRECT_OBJC_ISA_USAGE = YES_ERROR;
				CLANG_WARN_DOCUMENTATION_COMMENTS = YES;
				CLANG_WARN_EMPTY_BODY = YES;
				CLANG_WARN_ENUM_CONVERSION = YES;
				CLANG_WARN_INFINITE_RECURSION = YES;
				CLANG_WARN_INT_CONVERSION = YES;
				CLANG_WARN_NON_LITERAL_NULL_CONVERSION = YES;
				CLANG_WARN_OBJC_IMPLICIT_RETAIN_SELF = YES;
				CLANG_WARN_OBJC_LITERAL_CONVERSION = YES;
				CLANG_WARN_OBJC_ROOT_CLASS = YES_ERROR;
				CLANG_WARN_QUOTED_INCLUDE_IN_FRAMEWORK_HEADER = YES;
				CLANG_WARN_RANGE_LOOP_ANALYSIS = YES;
				CLANG_WARN_STRICT_PROTOTYPES = YES;
				CLANG_WARN_SUSPICIOUS_MOVE = YES;
				CLANG_WARN_UNGUARDED_AVAILABILITY = YES_AGGRESSIVE;
				CLANG_WARN_UNREACHABLE_CODE = YES;
				CLANG_WARN__DUPLICATE_METHOD_MATCH = YES;
				COPY_PHASE_STRIP = NO;
				DEBUG_INFORMATION_FORMAT = dwarf;
				ENABLE_STRICT_OBJC_MSGSEND = YES;
				ENABLE_TESTABILITY = YES;
				GCC_C_LANGUAGE_STANDARD = gnu11;
				GCC_DYNAMIC_NO_PIC = NO;
				GCC_NO_COMMON_BLOCKS = YES;
				GCC_OPTIMIZATION_LEVEL = 0;
				GCC_PREPROCESSOR_DEFINITIONS = (
					"DEBUG=1",
					"$(inherited)",
				);
				GCC_WARN_64_TO_32_BIT_CONVERSION = YES;
				GCC_WARN_ABOUT_RETURN_TYPE = YES_ERROR;
				GCC_WARN_UNDECLARED_SELECTOR = YES;
				GCC_WARN_UNINITIALIZED_AUTOS = YES_AGGRESSIVE;
				GCC_WARN_UNUSED_FUNCTION = YES;
				GCC_WARN_UNUSED_VARIABLE = YES;
				IPHONEOS_DEPLOYMENT_TARGET = 15.5;
				MTL_ENABLE_DEBUG_INFO = INCLUDE_SOURCE;
				MTL_FAST_MATH = YES;
				ONLY_ACTIVE_ARCH = YES;
				SDKROOT = iphoneos;
				SWIFT_ACTIVE_COMPILATION_CONDITIONS = DEBUG;
				SWIFT_OPTIMIZATION_LEVEL = "-Onone";
			};
			name = Debug;
		};
		E2EAA249285E015900BBECC4 /* Release */ = {
			isa = XCBuildConfiguration;
			buildSettings = {
				ALWAYS_SEARCH_USER_PATHS = NO;
				CLANG_ANALYZER_NONNULL = YES;
				CLANG_ANALYZER_NUMBER_OBJECT_CONVERSION = YES_AGGRESSIVE;
				CLANG_CXX_LANGUAGE_STANDARD = "gnu++17";
				CLANG_ENABLE_MODULES = YES;
				CLANG_ENABLE_OBJC_ARC = YES;
				CLANG_ENABLE_OBJC_WEAK = YES;
				CLANG_WARN_BLOCK_CAPTURE_AUTORELEASING = YES;
				CLANG_WARN_BOOL_CONVERSION = YES;
				CLANG_WARN_COMMA = YES;
				CLANG_WARN_CONSTANT_CONVERSION = YES;
				CLANG_WARN_DEPRECATED_OBJC_IMPLEMENTATIONS = YES;
				CLANG_WARN_DIRECT_OBJC_ISA_USAGE = YES_ERROR;
				CLANG_WARN_DOCUMENTATION_COMMENTS = YES;
				CLANG_WARN_EMPTY_BODY = YES;
				CLANG_WARN_ENUM_CONVERSION = YES;
				CLANG_WARN_INFINITE_RECURSION = YES;
				CLANG_WARN_INT_CONVERSION = YES;
				CLANG_WARN_NON_LITERAL_NULL_CONVERSION = YES;
				CLANG_WARN_OBJC_IMPLICIT_RETAIN_SELF = YES;
				CLANG_WARN_OBJC_LITERAL_CONVERSION = YES;
				CLANG_WARN_OBJC_ROOT_CLASS = YES_ERROR;
				CLANG_WARN_QUOTED_INCLUDE_IN_FRAMEWORK_HEADER = YES;
				CLANG_WARN_RANGE_LOOP_ANALYSIS = YES;
				CLANG_WARN_STRICT_PROTOTYPES = YES;
				CLANG_WARN_SUSPICIOUS_MOVE = YES;
				CLANG_WARN_UNGUARDED_AVAILABILITY = YES_AGGRESSIVE;
				CLANG_WARN_UNREACHABLE_CODE = YES;
				CLANG_WARN__DUPLICATE_METHOD_MATCH = YES;
				COPY_PHASE_STRIP = NO;
				DEBUG_INFORMATION_FORMAT = "dwarf-with-dsym";
				ENABLE_NS_ASSERTIONS = NO;
				ENABLE_STRICT_OBJC_MSGSEND = YES;
				GCC_C_LANGUAGE_STANDARD = gnu11;
				GCC_NO_COMMON_BLOCKS = YES;
				GCC_WARN_64_TO_32_BIT_CONVERSION = YES;
				GCC_WARN_ABOUT_RETURN_TYPE = YES_ERROR;
				GCC_WARN_UNDECLARED_SELECTOR = YES;
				GCC_WARN_UNINITIALIZED_AUTOS = YES_AGGRESSIVE;
				GCC_WARN_UNUSED_FUNCTION = YES;
				GCC_WARN_UNUSED_VARIABLE = YES;
				IPHONEOS_DEPLOYMENT_TARGET = 15.5;
				MTL_ENABLE_DEBUG_INFO = NO;
				MTL_FAST_MATH = YES;
				SDKROOT = iphoneos;
				SWIFT_COMPILATION_MODE = wholemodule;
				SWIFT_OPTIMIZATION_LEVEL = "-O";
				VALIDATE_PRODUCT = YES;
			};
			name = Release;
		};
		E2EAA24B285E015900BBECC4 /* Debug */ = {
			isa = XCBuildConfiguration;
			buildSettings = {
				ASSETCATALOG_COMPILER_APPICON_NAME = AppIcon;
				ASSETCATALOG_COMPILER_GLOBAL_ACCENT_COLOR_NAME = AccentColor;
				CODE_SIGN_STYLE = Automatic;
				CURRENT_PROJECT_VERSION = 1;
				DEVELOPMENT_ASSET_PATHS = "\"Cheetah/Preview Content\"";
				DEVELOPMENT_TEAM = 5T5Z33R245;
				ENABLE_PREVIEWS = YES;
				GENERATE_INFOPLIST_FILE = YES;
				INFOPLIST_KEY_UIApplicationSceneManifest_Generation = YES;
				INFOPLIST_KEY_UIApplicationSupportsIndirectInputEvents = YES;
				INFOPLIST_KEY_UILaunchScreen_Generation = YES;
				INFOPLIST_KEY_UISupportedInterfaceOrientations = UIInterfaceOrientationPortrait;
				INFOPLIST_KEY_UISupportedInterfaceOrientations_iPad = "UIInterfaceOrientationPortrait UIInterfaceOrientationPortraitUpsideDown UIInterfaceOrientationLandscapeLeft UIInterfaceOrientationLandscapeRight";
				INFOPLIST_KEY_UISupportedInterfaceOrientations_iPhone = "UIInterfaceOrientationPortrait UIInterfaceOrientationLandscapeLeft UIInterfaceOrientationLandscapeRight";
				LD_RUNPATH_SEARCH_PATHS = (
					"$(inherited)",
					"@executable_path/Frameworks",
				);
				MARKETING_VERSION = 1.0;
				PRODUCT_BUNDLE_IDENTIFIER = com.mustafapekdemir.Cheetah;
				PRODUCT_NAME = "$(TARGET_NAME)";
				SWIFT_EMIT_LOC_STRINGS = YES;
				SWIFT_VERSION = 5.0;
				TARGETED_DEVICE_FAMILY = "1,2";
			};
			name = Debug;
		};
		E2EAA24C285E015900BBECC4 /* Release */ = {
			isa = XCBuildConfiguration;
			buildSettings = {
				ASSETCATALOG_COMPILER_APPICON_NAME = AppIcon;
				ASSETCATALOG_COMPILER_GLOBAL_ACCENT_COLOR_NAME = AccentColor;
				CODE_SIGN_STYLE = Automatic;
				CURRENT_PROJECT_VERSION = 1;
				DEVELOPMENT_ASSET_PATHS = "\"Cheetah/Preview Content\"";
				DEVELOPMENT_TEAM = 5T5Z33R245;
				ENABLE_PREVIEWS = YES;
				GENERATE_INFOPLIST_FILE = YES;
				INFOPLIST_KEY_UIApplicationSceneManifest_Generation = YES;
				INFOPLIST_KEY_UIApplicationSupportsIndirectInputEvents = YES;
				INFOPLIST_KEY_UILaunchScreen_Generation = YES;
				INFOPLIST_KEY_UISupportedInterfaceOrientations = UIInterfaceOrientationPortrait;
				INFOPLIST_KEY_UISupportedInterfaceOrientations_iPad = "UIInterfaceOrientationPortrait UIInterfaceOrientationPortraitUpsideDown UIInterfaceOrientationLandscapeLeft UIInterfaceOrientationLandscapeRight";
				INFOPLIST_KEY_UISupportedInterfaceOrientations_iPhone = "UIInterfaceOrientationPortrait UIInterfaceOrientationLandscapeLeft UIInterfaceOrientationLandscapeRight";
				LD_RUNPATH_SEARCH_PATHS = (
					"$(inherited)",
					"@executable_path/Frameworks",
				);
				MARKETING_VERSION = 1.0;
				PRODUCT_BUNDLE_IDENTIFIER = com.mustafapekdemir.Cheetah;
				PRODUCT_NAME = "$(TARGET_NAME)";
				SWIFT_EMIT_LOC_STRINGS = YES;
				SWIFT_VERSION = 5.0;
				TARGETED_DEVICE_FAMILY = "1,2";
			};
			name = Release;
		};
/* End XCBuildConfiguration section */

/* Begin XCConfigurationList section */
		E2EAA237285E015700BBECC4 /* Build configuration list for PBXProject "Cheetah" */ = {
			isa = XCConfigurationList;
			buildConfigurations = (
				E2EAA248285E015900BBECC4 /* Debug */,
				E2EAA249285E015900BBECC4 /* Release */,
			);
			defaultConfigurationIsVisible = 0;
			defaultConfigurationName = Release;
		};
		E2EAA24A285E015900BBECC4 /* Build configuration list for PBXNativeTarget "Cheetah" */ = {
			isa = XCConfigurationList;
			buildConfigurations = (
				E2EAA24B285E015900BBECC4 /* Debug */,
				E2EAA24C285E015900BBECC4 /* Release */,
			);
			defaultConfigurationIsVisible = 0;
			defaultConfigurationName = Release;
		};
/* End XCConfigurationList section */
	};
	rootObject = E2EAA234285E015700BBECC4 /* Project object */;
}
